// !$*UTF8*$!
{
	archiveVersion = 1;
	classes = {
	};
	objectVersion = 52;
	objects = {

/* Begin PBXBuildFile section */
		461891AC1CC17B9A009C577D /* AppDelegate.swift in Sources */ = {isa = PBXBuildFile; fileRef = 461891AB1CC17B9A009C577D /* AppDelegate.swift */; };
		461891B11CC17B9A009C577D /* Postcard.xcdatamodeld in Sources */ = {isa = PBXBuildFile; fileRef = 461891AF1CC17B9A009C577D /* Postcard.xcdatamodeld */; };
		461891B31CC17B9A009C577D /* Assets.xcassets in Resources */ = {isa = PBXBuildFile; fileRef = 461891B21CC17B9A009C577D /* Assets.xcassets */; };
		461891B61CC17B9A009C577D /* Main.storyboard in Resources */ = {isa = PBXBuildFile; fileRef = 461891B41CC17B9A009C577D /* Main.storyboard */; };
		461891C11CC17B9A009C577D /* PostcardTests.swift in Sources */ = {isa = PBXBuildFile; fileRef = 461891C01CC17B9A009C577D /* PostcardTests.swift */; };
		461891CC1CC17B9A009C577D /* PostcardUITests.swift in Sources */ = {isa = PBXBuildFile; fileRef = 461891CB1CC17B9A009C577D /* PostcardUITests.swift */; };
		461C0A531CE63F0B00C5B5A5 /* PenPalController.swift in Sources */ = {isa = PBXBuildFile; fileRef = 461C0A521CE63F0B00C5B5A5 /* PenPalController.swift */; };
		461C0A551CE6638C00C5B5A5 /* MenuViewController.swift in Sources */ = {isa = PBXBuildFile; fileRef = 461C0A541CE6638C00C5B5A5 /* MenuViewController.swift */; };
		461C0A581CE663D500C5B5A5 /* ContentViewController.swift in Sources */ = {isa = PBXBuildFile; fileRef = 461C0A571CE663D500C5B5A5 /* ContentViewController.swift */; };
		461C0A5B1CE6645300C5B5A5 /* PenPalsViewController.swift in Sources */ = {isa = PBXBuildFile; fileRef = 461C0A5A1CE6645300C5B5A5 /* PenPalsViewController.swift */; };
		461C0A5E1CE664D900C5B5A5 /* MessageListViewController.swift in Sources */ = {isa = PBXBuildFile; fileRef = 461C0A5D1CE664D900C5B5A5 /* MessageListViewController.swift */; };
		461C0A611CE6664200C5B5A5 /* MessageViewController.swift in Sources */ = {isa = PBXBuildFile; fileRef = 461C0A601CE6664200C5B5A5 /* MessageViewController.swift */; };
		461C0A641CE682AF00C5B5A5 /* DesignableView.swift in Sources */ = {isa = PBXBuildFile; fileRef = 461C0A631CE682AF00C5B5A5 /* DesignableView.swift */; };
		461C0A671CE696E300C5B5A5 /* MainSplitViewController.swift in Sources */ = {isa = PBXBuildFile; fileRef = 461C0A661CE696E300C5B5A5 /* MainSplitViewController.swift */; };
		463E68531D0B43E600F70845 /* SignPainter.otf in Resources */ = {isa = PBXBuildFile; fileRef = 463E68521D0B434300F70845 /* SignPainter.otf */; };
		466FC5FD1D021BA100B8AABB /* Proxima Nova Font Free in Resources */ = {isa = PBXBuildFile; fileRef = 466FC5FC1D021BA100B8AABB /* Proxima Nova Font Free */; };
		46A6F4AE1CEFB578007C2D17 /* MainContainerViewController.swift in Sources */ = {isa = PBXBuildFile; fileRef = 46A6F4AD1CEFB578007C2D17 /* MainContainerViewController.swift */; };
		46A7D0661E3000D800855A48 /* WebKit.framework in Frameworks */ = {isa = PBXBuildFile; fileRef = 46A7D0651E3000D800855A48 /* WebKit.framework */; };
		46F64E8C1E777BA6006799B3 /* rfc2822.swift in Sources */ = {isa = PBXBuildFile; fileRef = 46F64E8B1E777BA6006799B3 /* rfc2822.swift */; };
		AEA70D25248850FF00FAAAF1 /* AppAuth in Frameworks */ = {isa = PBXBuildFile; productRef = AEA70D24248850FF00FAAAF1 /* AppAuth */; };
		AEA70D27248850FF00FAAAF1 /* AppAuthCore in Frameworks */ = {isa = PBXBuildFile; productRef = AEA70D26248850FF00FAAAF1 /* AppAuthCore */; };
		AEA70D2A248851D600FAAAF1 /* KeychainAccess in Frameworks */ = {isa = PBXBuildFile; productRef = AEA70D29248851D600FAAAF1 /* KeychainAccess */; };
		AEA70D2D2488588D00FAAAF1 /* GoogleAPIClientForREST_PeopleService in Frameworks */ = {isa = PBXBuildFile; productRef = AEA70D2C2488588D00FAAAF1 /* GoogleAPIClientForREST_PeopleService */; };
		AEA70D2F2488588D00FAAAF1 /* GoogleAPIClientForREST_Gmail in Frameworks */ = {isa = PBXBuildFile; productRef = AEA70D2E2488588D00FAAAF1 /* GoogleAPIClientForREST_Gmail */; };
		AEA70D3224885A5D00FAAAF1 /* Sodium in Frameworks */ = {isa = PBXBuildFile; productRef = AEA70D3124885A5D00FAAAF1 /* Sodium */; };
		AEDDAFEB2488AF1600A7DAC8 /* MessagePack.framework in Frameworks */ = {isa = PBXBuildFile; fileRef = AEDDAFE72488AEFC00A7DAC8 /* MessagePack.framework */; };
		AEDDAFEC2488AF1600A7DAC8 /* MessagePack.framework in Embed Frameworks */ = {isa = PBXBuildFile; fileRef = AEDDAFE72488AEFC00A7DAC8 /* MessagePack.framework */; settings = {ATTRIBUTES = (RemoveHeadersOnCopy, ); }; };
		AEDDAFF6248B518800A7DAC8 /* Datable in Frameworks */ = {isa = PBXBuildFile; productRef = AEDDAFF5248B518800A7DAC8 /* Datable */; };
		AEDDB000248B574F00A7DAC8 /* GTMAppAuth.h in Headers */ = {isa = PBXBuildFile; fileRef = AEDDAFFE248B574F00A7DAC8 /* GTMAppAuth.h */; settings = {ATTRIBUTES = (Public, ); }; };
		AEDDB003248B574F00A7DAC8 /* GTMAppAuth.framework in Frameworks */ = {isa = PBXBuildFile; fileRef = AEDDAFFC248B574F00A7DAC8 /* GTMAppAuth.framework */; };
		AEDDB004248B574F00A7DAC8 /* GTMAppAuth.framework in Embed Frameworks */ = {isa = PBXBuildFile; fileRef = AEDDAFFC248B574F00A7DAC8 /* GTMAppAuth.framework */; settings = {ATTRIBUTES = (CodeSignOnCopy, RemoveHeadersOnCopy, ); }; };
		B4238F571CD2A6030054E7EF /* SystemConfiguration.framework in Frameworks */ = {isa = PBXBuildFile; fileRef = B4238F561CD2A6030054E7EF /* SystemConfiguration.framework */; };
		B4238F591CD2C0100054E7EF /* MailController.swift in Sources */ = {isa = PBXBuildFile; fileRef = B4238F581CD2C0100054E7EF /* MailController.swift */; };
		B4238F5C1CD2C11C0054E7EF /* Constants.swift in Sources */ = {isa = PBXBuildFile; fileRef = B4238F5B1CD2C11C0054E7EF /* Constants.swift */; };
		B4238F5F1CD2DF050054E7EF /* KeyController.swift in Sources */ = {isa = PBXBuildFile; fileRef = B4238F5E1CD2DF050054E7EF /* KeyController.swift */; };
		B430D5EB1CF7C31D0025365E /* WelcomeWindowController.swift in Sources */ = {isa = PBXBuildFile; fileRef = B430D5EA1CF7C31D0025365E /* WelcomeWindowController.swift */; };
		B460CCE91D41805D00507EFD /* Globals.swift in Sources */ = {isa = PBXBuildFile; fileRef = B460CCE81D41805D00507EFD /* Globals.swift */; };
		B486A0771E2F2ECB009664A2 /* Security.framework in Frameworks */ = {isa = PBXBuildFile; fileRef = B4238F541CD2A24D0054E7EF /* Security.framework */; };
		B48A273E1D08B4B8007BBB27 /* LockedViewController.swift in Sources */ = {isa = PBXBuildFile; fileRef = B48A273D1D08B4B8007BBB27 /* LockedViewController.swift */; };
		B4BFDD291E4AA1B700455232 /* PenPal+CoreDataClass.swift in Sources */ = {isa = PBXBuildFile; fileRef = B4BFDD231E4AA1B700455232 /* PenPal+CoreDataClass.swift */; };
		B4BFDD2A1E4AA1B700455232 /* PenPal+CoreDataProperties.swift in Sources */ = {isa = PBXBuildFile; fileRef = B4BFDD241E4AA1B700455232 /* PenPal+CoreDataProperties.swift */; };
		B4BFDD2B1E4AA1B700455232 /* User+CoreDataClass.swift in Sources */ = {isa = PBXBuildFile; fileRef = B4BFDD251E4AA1B700455232 /* User+CoreDataClass.swift */; };
		B4BFDD2C1E4AA1B700455232 /* User+CoreDataProperties.swift in Sources */ = {isa = PBXBuildFile; fileRef = B4BFDD261E4AA1B700455232 /* User+CoreDataProperties.swift */; };
		B4BFDD2D1E4AA1B700455232 /* Postcard+CoreDataClass.swift in Sources */ = {isa = PBXBuildFile; fileRef = B4BFDD271E4AA1B700455232 /* Postcard+CoreDataClass.swift */; };
		B4BFDD2E1E4AA1B700455232 /* Postcard+CoreDataProperties.swift in Sources */ = {isa = PBXBuildFile; fileRef = B4BFDD281E4AA1B700455232 /* Postcard+CoreDataProperties.swift */; };
		B4DA48681E57A53A00BB95FE /* PenPalsView.strings in Resources */ = {isa = PBXBuildFile; fileRef = B4DA486A1E57A53A00BB95FE /* PenPalsView.strings */; };
		B4DA486D1E57A53B00BB95FE /* MessageView.strings in Resources */ = {isa = PBXBuildFile; fileRef = B4DA486F1E57A53B00BB95FE /* MessageView.strings */; };
		B4DA48721E57A53B00BB95FE /* InfoPlist.strings in Resources */ = {isa = PBXBuildFile; fileRef = B4DA48741E57A53B00BB95FE /* InfoPlist.strings */; };
		B4DA48771E57A53C00BB95FE /* PopUpMessages.strings in Resources */ = {isa = PBXBuildFile; fileRef = B4DA48791E57A53C00BB95FE /* PopUpMessages.strings */; };
		B4DA487C1E57A53C00BB95FE /* InfoPlist.strings in Resources */ = {isa = PBXBuildFile; fileRef = B4DA487E1E57A53C00BB95FE /* InfoPlist.strings */; };
		B4DA48811E57A53D00BB95FE /* InfoPlist.strings in Resources */ = {isa = PBXBuildFile; fileRef = B4DA48831E57A53D00BB95FE /* InfoPlist.strings */; };
		B4DA48861E57A53D00BB95FE /* MenuView.strings in Resources */ = {isa = PBXBuildFile; fileRef = B4DA48881E57A53D00BB95FE /* MenuView.strings */; };
		B4DA488B1E57A53E00BB95FE /* Localizable.strings in Resources */ = {isa = PBXBuildFile; fileRef = B4DA488D1E57A53E00BB95FE /* Localizable.strings */; };
		B4DA48901E57A53F00BB95FE /* MailController.strings in Resources */ = {isa = PBXBuildFile; fileRef = B4DA48921E57A53F00BB95FE /* MailController.strings */; };
		B4DA48951E57A53F00BB95FE /* ComposeView.strings in Resources */ = {isa = PBXBuildFile; fileRef = B4DA48971E57A53F00BB95FE /* ComposeView.strings */; };
		B4DA489A1E57B06000BB95FE /* Localizable.strings in Resources */ = {isa = PBXBuildFile; fileRef = B4DA489C1E57B06000BB95FE /* Localizable.strings */; };
		B4DA489F1E57DD4700BB95FE /* Localizable.strings in Resources */ = {isa = PBXBuildFile; fileRef = B4DA48A11E57DD4700BB95FE /* Localizable.strings */; };
		B4EDBB4E1CEF6BC50094853F /* ComposeViewController.swift in Sources */ = {isa = PBXBuildFile; fileRef = B4EDBB4D1CEF6BC50094853F /* ComposeViewController.swift */; };
		B4EDBB501CEF74D80094853F /* WelcomeViewController.swift in Sources */ = {isa = PBXBuildFile; fileRef = B4EDBB4F1CEF74D80094853F /* WelcomeViewController.swift */; };
		B4EDBB521CEF7C040094853F /* MainWindowController.swift in Sources */ = {isa = PBXBuildFile; fileRef = B4EDBB511CEF7C040094853F /* MainWindowController.swift */; };
		CAA27A311E9AD6430030A89B /* Packable.swift in Sources */ = {isa = PBXBuildFile; fileRef = CAA27A301E9AD6430030A89B /* Packable.swift */; };
		CAA27A331E9AD8AA0030A89B /* Encoding.swift in Sources */ = {isa = PBXBuildFile; fileRef = CAA27A321E9AD8AA0030A89B /* Encoding.swift */; };
/* End PBXBuildFile section */

/* Begin PBXContainerItemProxy section */
		461891BD1CC17B9A009C577D /* PBXContainerItemProxy */ = {
			isa = PBXContainerItemProxy;
			containerPortal = 461891A01CC17B99009C577D /* Project object */;
			proxyType = 1;
			remoteGlobalIDString = 461891A71CC17B99009C577D;
			remoteInfo = Postcard;
		};
		461891C81CC17B9A009C577D /* PBXContainerItemProxy */ = {
			isa = PBXContainerItemProxy;
			containerPortal = 461891A01CC17B99009C577D /* Project object */;
			proxyType = 1;
			remoteGlobalIDString = 461891A71CC17B99009C577D;
			remoteInfo = Postcard;
		};
		AEDDB001248B574F00A7DAC8 /* PBXContainerItemProxy */ = {
			isa = PBXContainerItemProxy;
			containerPortal = 461891A01CC17B99009C577D /* Project object */;
			proxyType = 1;
			remoteGlobalIDString = AEDDAFFB248B574F00A7DAC8;
			remoteInfo = GTMAppAuth;
		};
/* End PBXContainerItemProxy section */

/* Begin PBXCopyFilesBuildPhase section */
		AEDDAFED2488AF1600A7DAC8 /* Embed Frameworks */ = {
			isa = PBXCopyFilesBuildPhase;
			buildActionMask = 2147483647;
			dstPath = "";
			dstSubfolderSpec = 10;
			files = (
				AEDDAFEC2488AF1600A7DAC8 /* MessagePack.framework in Embed Frameworks */,
				AEDDB004248B574F00A7DAC8 /* GTMAppAuth.framework in Embed Frameworks */,
			);
			name = "Embed Frameworks";
			runOnlyForDeploymentPostprocessing = 0;
		};
/* End PBXCopyFilesBuildPhase section */

/* Begin PBXFileReference section */
		461891A81CC17B99009C577D /* Postcard.app */ = {isa = PBXFileReference; explicitFileType = wrapper.application; includeInIndex = 0; path = Postcard.app; sourceTree = BUILT_PRODUCTS_DIR; };
		461891AB1CC17B9A009C577D /* AppDelegate.swift */ = {isa = PBXFileReference; lastKnownFileType = sourcecode.swift; path = AppDelegate.swift; sourceTree = "<group>"; };
		461891B01CC17B9A009C577D /* Postcard.xcdatamodel */ = {isa = PBXFileReference; lastKnownFileType = wrapper.xcdatamodel; path = Postcard.xcdatamodel; sourceTree = "<group>"; };
		461891B21CC17B9A009C577D /* Assets.xcassets */ = {isa = PBXFileReference; lastKnownFileType = folder.assetcatalog; path = Assets.xcassets; sourceTree = "<group>"; };
		461891B51CC17B9A009C577D /* Base */ = {isa = PBXFileReference; lastKnownFileType = file.storyboard; name = Base; path = Base.lproj/Main.storyboard; sourceTree = "<group>"; };
		461891B71CC17B9A009C577D /* Info.plist */ = {isa = PBXFileReference; lastKnownFileType = text.plist.xml; path = Info.plist; sourceTree = "<group>"; };
		461891BC1CC17B9A009C577D /* PostcardTests.xctest */ = {isa = PBXFileReference; explicitFileType = wrapper.cfbundle; includeInIndex = 0; path = PostcardTests.xctest; sourceTree = BUILT_PRODUCTS_DIR; };
		461891C01CC17B9A009C577D /* PostcardTests.swift */ = {isa = PBXFileReference; lastKnownFileType = sourcecode.swift; path = PostcardTests.swift; sourceTree = "<group>"; };
		461891C21CC17B9A009C577D /* Info.plist */ = {isa = PBXFileReference; lastKnownFileType = text.plist.xml; path = Info.plist; sourceTree = "<group>"; };
		461891C71CC17B9A009C577D /* PostcardUITests.xctest */ = {isa = PBXFileReference; explicitFileType = wrapper.cfbundle; includeInIndex = 0; path = PostcardUITests.xctest; sourceTree = BUILT_PRODUCTS_DIR; };
		461891CB1CC17B9A009C577D /* PostcardUITests.swift */ = {isa = PBXFileReference; lastKnownFileType = sourcecode.swift; path = PostcardUITests.swift; sourceTree = "<group>"; };
		461891CD1CC17B9A009C577D /* Info.plist */ = {isa = PBXFileReference; lastKnownFileType = text.plist.xml; path = Info.plist; sourceTree = "<group>"; };
		461C0A521CE63F0B00C5B5A5 /* PenPalController.swift */ = {isa = PBXFileReference; fileEncoding = 4; lastKnownFileType = sourcecode.swift; name = PenPalController.swift; path = Controllers/PenPalController.swift; sourceTree = "<group>"; };
		461C0A541CE6638C00C5B5A5 /* MenuViewController.swift */ = {isa = PBXFileReference; fileEncoding = 4; lastKnownFileType = sourcecode.swift; name = MenuViewController.swift; path = Controllers/ViewControllers/MenuViewController.swift; sourceTree = "<group>"; };
		461C0A571CE663D500C5B5A5 /* ContentViewController.swift */ = {isa = PBXFileReference; fileEncoding = 4; lastKnownFileType = sourcecode.swift; name = ContentViewController.swift; path = Controllers/ViewControllers/ContentViewController.swift; sourceTree = "<group>"; };
		461C0A5A1CE6645300C5B5A5 /* PenPalsViewController.swift */ = {isa = PBXFileReference; fileEncoding = 4; lastKnownFileType = sourcecode.swift; name = PenPalsViewController.swift; path = Controllers/ViewControllers/PenPalsViewController.swift; sourceTree = "<group>"; };
		461C0A5D1CE664D900C5B5A5 /* MessageListViewController.swift */ = {isa = PBXFileReference; fileEncoding = 4; lastKnownFileType = sourcecode.swift; name = MessageListViewController.swift; path = Controllers/ViewControllers/MessageListViewController.swift; sourceTree = "<group>"; };
		461C0A601CE6664200C5B5A5 /* MessageViewController.swift */ = {isa = PBXFileReference; fileEncoding = 4; lastKnownFileType = sourcecode.swift; name = MessageViewController.swift; path = Controllers/ViewControllers/MessageViewController.swift; sourceTree = "<group>"; };
		461C0A631CE682AF00C5B5A5 /* DesignableView.swift */ = {isa = PBXFileReference; fileEncoding = 4; lastKnownFileType = sourcecode.swift; name = DesignableView.swift; path = UIGoodies/DesignableView.swift; sourceTree = "<group>"; };
		461C0A661CE696E300C5B5A5 /* MainSplitViewController.swift */ = {isa = PBXFileReference; fileEncoding = 4; lastKnownFileType = sourcecode.swift; name = MainSplitViewController.swift; path = Controllers/ViewControllers/MainSplitViewController.swift; sourceTree = "<group>"; };
		463E68521D0B434300F70845 /* SignPainter.otf */ = {isa = PBXFileReference; lastKnownFileType = file; path = SignPainter.otf; sourceTree = "<group>"; };
		466FC5FC1D021BA100B8AABB /* Proxima Nova Font Free */ = {isa = PBXFileReference; lastKnownFileType = folder; path = "Proxima Nova Font Free"; sourceTree = "<group>"; };
		46A6F4AD1CEFB578007C2D17 /* MainContainerViewController.swift */ = {isa = PBXFileReference; fileEncoding = 4; lastKnownFileType = sourcecode.swift; name = MainContainerViewController.swift; path = Controllers/ViewControllers/MainContainerViewController.swift; sourceTree = "<group>"; };
		46A7D0651E3000D800855A48 /* WebKit.framework */ = {isa = PBXFileReference; lastKnownFileType = wrapper.framework; name = WebKit.framework; path = System/Library/Frameworks/WebKit.framework; sourceTree = SDKROOT; };
		46F64E8B1E777BA6006799B3 /* rfc2822.swift */ = {isa = PBXFileReference; fileEncoding = 4; lastKnownFileType = sourcecode.swift; name = rfc2822.swift; path = SupportingFiles/rfc2822.swift; sourceTree = "<group>"; };
		AEDDAFE72488AEFC00A7DAC8 /* MessagePack.framework */ = {isa = PBXFileReference; lastKnownFileType = wrapper.framework; path = MessagePack.framework; sourceTree = "<group>"; };
		AEDDAFFC248B574F00A7DAC8 /* GTMAppAuth.framework */ = {isa = PBXFileReference; explicitFileType = wrapper.framework; includeInIndex = 0; path = GTMAppAuth.framework; sourceTree = BUILT_PRODUCTS_DIR; };
		AEDDAFFE248B574F00A7DAC8 /* GTMAppAuth.h */ = {isa = PBXFileReference; lastKnownFileType = sourcecode.c.h; path = GTMAppAuth.h; sourceTree = "<group>"; };
		AEDDAFFF248B574F00A7DAC8 /* Info.plist */ = {isa = PBXFileReference; lastKnownFileType = text.plist.xml; path = Info.plist; sourceTree = "<group>"; };
		AEDDB00B248B578000A7DAC8 /* CONTRIBUTORS */ = {isa = PBXFileReference; lastKnownFileType = text; path = CONTRIBUTORS; sourceTree = "<group>"; };
		AEDDB00D248B578000A7DAC8 /* AUTHORS */ = {isa = PBXFileReference; lastKnownFileType = text; path = AUTHORS; sourceTree = "<group>"; };
		AEDDB00E248B578000A7DAC8 /* README.md */ = {isa = PBXFileReference; lastKnownFileType = net.daringfireball.markdown; path = README.md; sourceTree = "<group>"; };
		AEDDB00F248B578100A7DAC8 /* .gitignore */ = {isa = PBXFileReference; lastKnownFileType = text; path = .gitignore; sourceTree = "<group>"; };
		AEDDB010248B578100A7DAC8 /* Doxyfile */ = {isa = PBXFileReference; lastKnownFileType = text; path = Doxyfile; sourceTree = "<group>"; };
		AEDDB011248B578100A7DAC8 /* CONTRIBUTING.md */ = {isa = PBXFileReference; lastKnownFileType = net.daringfireball.markdown; path = CONTRIBUTING.md; sourceTree = "<group>"; };
		AEDDB012248B578100A7DAC8 /* LICENSE */ = {isa = PBXFileReference; lastKnownFileType = text; path = LICENSE; sourceTree = "<group>"; };
		AEDDB013248B578100A7DAC8 /* CHANGELOG.md */ = {isa = PBXFileReference; lastKnownFileType = net.daringfireball.markdown; path = CHANGELOG.md; sourceTree = "<group>"; };
		B4238F541CD2A24D0054E7EF /* Security.framework */ = {isa = PBXFileReference; lastKnownFileType = wrapper.framework; name = Security.framework; path = System/Library/Frameworks/Security.framework; sourceTree = SDKROOT; };
		B4238F561CD2A6030054E7EF /* SystemConfiguration.framework */ = {isa = PBXFileReference; lastKnownFileType = wrapper.framework; name = SystemConfiguration.framework; path = System/Library/Frameworks/SystemConfiguration.framework; sourceTree = SDKROOT; };
		B4238F581CD2C0100054E7EF /* MailController.swift */ = {isa = PBXFileReference; fileEncoding = 4; lastKnownFileType = sourcecode.swift; name = MailController.swift; path = Controllers/MailController.swift; sourceTree = "<group>"; };
		B4238F5B1CD2C11C0054E7EF /* Constants.swift */ = {isa = PBXFileReference; fileEncoding = 4; lastKnownFileType = sourcecode.swift; name = Constants.swift; path = SupportingFiles/Constants.swift; sourceTree = "<group>"; };
		B4238F5E1CD2DF050054E7EF /* KeyController.swift */ = {isa = PBXFileReference; fileEncoding = 4; lastKnownFileType = sourcecode.swift; name = KeyController.swift; path = Controllers/KeyController.swift; sourceTree = "<group>"; };
		B430D5EA1CF7C31D0025365E /* WelcomeWindowController.swift */ = {isa = PBXFileReference; fileEncoding = 4; lastKnownFileType = sourcecode.swift; name = WelcomeWindowController.swift; path = Controllers/ViewControllers/WelcomeWindowController.swift; sourceTree = "<group>"; };
		B4316C9B1D527F83000138D0 /* es */ = {isa = PBXFileReference; lastKnownFileType = text.plist.strings; name = es; path = es.lproj/Main.strings; sourceTree = "<group>"; };
		B455798C1D10C99B00E56D6D /* FuturaT_Bold.ttf */ = {isa = PBXFileReference; lastKnownFileType = file; path = FuturaT_Bold.ttf; sourceTree = "<group>"; };
		B4572D7F1E2F09890072813D /* Sodium.framework */ = {isa = PBXFileReference; lastKnownFileType = wrapper.framework; path = Sodium.framework; sourceTree = "<group>"; };
		B460CCE81D41805D00507EFD /* Globals.swift */ = {isa = PBXFileReference; fileEncoding = 4; lastKnownFileType = sourcecode.swift; name = Globals.swift; path = SupportingFiles/Globals.swift; sourceTree = "<group>"; };
		B48A273D1D08B4B8007BBB27 /* LockedViewController.swift */ = {isa = PBXFileReference; fileEncoding = 4; lastKnownFileType = sourcecode.swift; name = LockedViewController.swift; path = Controllers/ViewControllers/LockedViewController.swift; sourceTree = "<group>"; };
		B4BFDD231E4AA1B700455232 /* PenPal+CoreDataClass.swift */ = {isa = PBXFileReference; fileEncoding = 4; lastKnownFileType = sourcecode.swift; name = "PenPal+CoreDataClass.swift"; path = "DataModels/PenPal+CoreDataClass.swift"; sourceTree = "<group>"; };
		B4BFDD241E4AA1B700455232 /* PenPal+CoreDataProperties.swift */ = {isa = PBXFileReference; fileEncoding = 4; lastKnownFileType = sourcecode.swift; name = "PenPal+CoreDataProperties.swift"; path = "DataModels/PenPal+CoreDataProperties.swift"; sourceTree = "<group>"; };
		B4BFDD251E4AA1B700455232 /* User+CoreDataClass.swift */ = {isa = PBXFileReference; fileEncoding = 4; lastKnownFileType = sourcecode.swift; name = "User+CoreDataClass.swift"; path = "DataModels/User+CoreDataClass.swift"; sourceTree = "<group>"; };
		B4BFDD261E4AA1B700455232 /* User+CoreDataProperties.swift */ = {isa = PBXFileReference; fileEncoding = 4; lastKnownFileType = sourcecode.swift; name = "User+CoreDataProperties.swift"; path = "DataModels/User+CoreDataProperties.swift"; sourceTree = "<group>"; };
		B4BFDD271E4AA1B700455232 /* Postcard+CoreDataClass.swift */ = {isa = PBXFileReference; fileEncoding = 4; lastKnownFileType = sourcecode.swift; name = "Postcard+CoreDataClass.swift"; path = "DataModels/Postcard+CoreDataClass.swift"; sourceTree = "<group>"; };
		B4BFDD281E4AA1B700455232 /* Postcard+CoreDataProperties.swift */ = {isa = PBXFileReference; fileEncoding = 4; lastKnownFileType = sourcecode.swift; name = "Postcard+CoreDataProperties.swift"; path = "DataModels/Postcard+CoreDataProperties.swift"; sourceTree = "<group>"; };
		B4DA48691E57A53A00BB95FE /* es */ = {isa = PBXFileReference; lastKnownFileType = text.plist.strings; name = es; path = es.lproj/PenPalsView.strings; sourceTree = "<group>"; };
		B4DA486E1E57A53B00BB95FE /* es */ = {isa = PBXFileReference; lastKnownFileType = text.plist.strings; name = es; path = es.lproj/MessageView.strings; sourceTree = "<group>"; };
		B4DA48731E57A53B00BB95FE /* es */ = {isa = PBXFileReference; lastKnownFileType = text.plist.strings; name = es; path = es.lproj/InfoPlist.strings; sourceTree = "<group>"; };
		B4DA48781E57A53C00BB95FE /* es */ = {isa = PBXFileReference; lastKnownFileType = text.plist.strings; name = es; path = es.lproj/PopUpMessages.strings; sourceTree = "<group>"; };
		B4DA487D1E57A53C00BB95FE /* es */ = {isa = PBXFileReference; lastKnownFileType = text.plist.strings; name = es; path = es.lproj/InfoPlist.strings; sourceTree = "<group>"; };
		B4DA48821E57A53D00BB95FE /* es */ = {isa = PBXFileReference; lastKnownFileType = text.plist.strings; name = es; path = es.lproj/InfoPlist.strings; sourceTree = "<group>"; };
		B4DA48871E57A53D00BB95FE /* es */ = {isa = PBXFileReference; lastKnownFileType = text.plist.strings; name = es; path = es.lproj/MenuView.strings; sourceTree = "<group>"; };
		B4DA488C1E57A53E00BB95FE /* es */ = {isa = PBXFileReference; lastKnownFileType = text.plist.strings; name = es; path = es.lproj/Localizable.strings; sourceTree = "<group>"; };
		B4DA48911E57A53F00BB95FE /* es */ = {isa = PBXFileReference; lastKnownFileType = text.plist.strings; name = es; path = es.lproj/MailController.strings; sourceTree = "<group>"; };
		B4DA48961E57A53F00BB95FE /* es */ = {isa = PBXFileReference; lastKnownFileType = text.plist.strings; name = es; path = es.lproj/ComposeView.strings; sourceTree = "<group>"; };
		B4DA489B1E57B06000BB95FE /* es */ = {isa = PBXFileReference; lastKnownFileType = text.plist.strings; name = es; path = es.lproj/Localizable.strings; sourceTree = "<group>"; };
		B4DA48A01E57DD4700BB95FE /* es */ = {isa = PBXFileReference; lastKnownFileType = text.plist.strings; name = es; path = es.lproj/Localizable.strings; sourceTree = "<group>"; };
		B4DC05D01E4E57F800F6B279 /* Postcard.entitlements */ = {isa = PBXFileReference; lastKnownFileType = text.plist.entitlements; path = Postcard.entitlements; sourceTree = "<group>"; };
		B4EDBB4D1CEF6BC50094853F /* ComposeViewController.swift */ = {isa = PBXFileReference; fileEncoding = 4; lastKnownFileType = sourcecode.swift; name = ComposeViewController.swift; path = Controllers/ViewControllers/ComposeViewController.swift; sourceTree = "<group>"; };
		B4EDBB4F1CEF74D80094853F /* WelcomeViewController.swift */ = {isa = PBXFileReference; fileEncoding = 4; lastKnownFileType = sourcecode.swift; name = WelcomeViewController.swift; path = Controllers/ViewControllers/WelcomeViewController.swift; sourceTree = "<group>"; };
		B4EDBB511CEF7C040094853F /* MainWindowController.swift */ = {isa = PBXFileReference; fileEncoding = 4; lastKnownFileType = sourcecode.swift; name = MainWindowController.swift; path = Controllers/ViewControllers/MainWindowController.swift; sourceTree = "<group>"; };
		CAA27A301E9AD6430030A89B /* Packable.swift */ = {isa = PBXFileReference; fileEncoding = 4; lastKnownFileType = sourcecode.swift; name = Packable.swift; path = DataModels/Packable.swift; sourceTree = "<group>"; };
		CAA27A321E9AD8AA0030A89B /* Encoding.swift */ = {isa = PBXFileReference; fileEncoding = 4; lastKnownFileType = sourcecode.swift; name = Encoding.swift; path = SupportingFiles/Encoding.swift; sourceTree = "<group>"; };
		CAEF8C6C1E9459100035FA97 /* Postcard-Bridging-Header.h */ = {isa = PBXFileReference; fileEncoding = 4; lastKnownFileType = sourcecode.c.h; path = "Postcard-Bridging-Header.h"; sourceTree = "<group>"; };
/* End PBXFileReference section */

/* Begin PBXFrameworksBuildPhase section */
		461891A51CC17B99009C577D /* Frameworks */ = {
			isa = PBXFrameworksBuildPhase;
			buildActionMask = 2147483647;
			files = (
				AEA70D25248850FF00FAAAF1 /* AppAuth in Frameworks */,
				46A7D0661E3000D800855A48 /* WebKit.framework in Frameworks */,
				AEA70D2A248851D600FAAAF1 /* KeychainAccess in Frameworks */,
				B486A0771E2F2ECB009664A2 /* Security.framework in Frameworks */,
				AEA70D2F2488588D00FAAAF1 /* GoogleAPIClientForREST_Gmail in Frameworks */,
				AEA70D3224885A5D00FAAAF1 /* Sodium in Frameworks */,
				AEDDAFF6248B518800A7DAC8 /* Datable in Frameworks */,
				AEDDB003248B574F00A7DAC8 /* GTMAppAuth.framework in Frameworks */,
				AEA70D2D2488588D00FAAAF1 /* GoogleAPIClientForREST_PeopleService in Frameworks */,
				B4238F571CD2A6030054E7EF /* SystemConfiguration.framework in Frameworks */,
				AEA70D27248850FF00FAAAF1 /* AppAuthCore in Frameworks */,
				AEDDAFEB2488AF1600A7DAC8 /* MessagePack.framework in Frameworks */,
			);
			runOnlyForDeploymentPostprocessing = 0;
		};
		461891B91CC17B9A009C577D /* Frameworks */ = {
			isa = PBXFrameworksBuildPhase;
			buildActionMask = 2147483647;
			files = (
			);
			runOnlyForDeploymentPostprocessing = 0;
		};
		461891C41CC17B9A009C577D /* Frameworks */ = {
			isa = PBXFrameworksBuildPhase;
			buildActionMask = 2147483647;
			files = (
			);
			runOnlyForDeploymentPostprocessing = 0;
		};
		AEDDAFF9248B574F00A7DAC8 /* Frameworks */ = {
			isa = PBXFrameworksBuildPhase;
			buildActionMask = 2147483647;
			files = (
			);
			runOnlyForDeploymentPostprocessing = 0;
		};
/* End PBXFrameworksBuildPhase section */

/* Begin PBXGroup section */
		4618919F1CC17B99009C577D = {
			isa = PBXGroup;
			children = (
				461891AA1CC17B99009C577D /* Postcard */,
				461891BF1CC17B9A009C577D /* PostcardTests */,
				461891CA1CC17B9A009C577D /* PostcardUITests */,
				461891A91CC17B99009C577D /* Products */,
				CD953D86455DD95CB6DAFBBB /* Frameworks */,
			);
			sourceTree = "<group>";
		};
		461891A91CC17B99009C577D /* Products */ = {
			isa = PBXGroup;
			children = (
				461891A81CC17B99009C577D /* Postcard.app */,
				461891BC1CC17B9A009C577D /* PostcardTests.xctest */,
				461891C71CC17B9A009C577D /* PostcardUITests.xctest */,
				AEDDAFFC248B574F00A7DAC8 /* GTMAppAuth.framework */,
			);
			name = Products;
			sourceTree = "<group>";
		};
		461891AA1CC17B99009C577D /* Postcard */ = {
			isa = PBXGroup;
			children = (
				B4DC05D01E4E57F800F6B279 /* Postcard.entitlements */,
				461891AB1CC17B9A009C577D /* AppDelegate.swift */,
				461891B21CC17B9A009C577D /* Assets.xcassets */,
				461891B41CC17B9A009C577D /* Main.storyboard */,
				B4BF355A1CDAC02F00C3CDD0 /* DataModels */,
				B4238F5A1CD2C0E50054E7EF /* Controllers */,
				B4238F5D1CD2C4C50054E7EF /* SupportingFiles */,
				461C0A651CE682B800C5B5A5 /* UIGoodies */,
			);
			path = Postcard;
			sourceTree = "<group>";
		};
		461891BF1CC17B9A009C577D /* PostcardTests */ = {
			isa = PBXGroup;
			children = (
				B4DA489C1E57B06000BB95FE /* Localizable.strings */,
				B4DA48741E57A53B00BB95FE /* InfoPlist.strings */,
				461891C01CC17B9A009C577D /* PostcardTests.swift */,
				461891C21CC17B9A009C577D /* Info.plist */,
			);
			path = PostcardTests;
			sourceTree = "<group>";
		};
		461891CA1CC17B9A009C577D /* PostcardUITests */ = {
			isa = PBXGroup;
			children = (
				B4DA48A11E57DD4700BB95FE /* Localizable.strings */,
				B4DA487E1E57A53C00BB95FE /* InfoPlist.strings */,
				461891CB1CC17B9A009C577D /* PostcardUITests.swift */,
				461891CD1CC17B9A009C577D /* Info.plist */,
			);
			path = PostcardUITests;
			sourceTree = "<group>";
		};
		461C0A651CE682B800C5B5A5 /* UIGoodies */ = {
			isa = PBXGroup;
			children = (
				B480464B1E29A0180032FAAB /* Fonts */,
				461C0A631CE682AF00C5B5A5 /* DesignableView.swift */,
			);
			name = UIGoodies;
			sourceTree = "<group>";
		};
		AEDDAFFD248B574F00A7DAC8 /* GTMAppAuth */ = {
			isa = PBXGroup;
			children = (
				AEDDB00C248B578000A7DAC8 /* .build */,
				AEDDB012248B578100A7DAC8 /* LICENSE */,
				AEDDB013248B578100A7DAC8 /* CHANGELOG.md */,
				AEDDB00D248B578000A7DAC8 /* AUTHORS */,
				AEDDB009248B578000A7DAC8 /* Source */,
				AEDDB008248B578000A7DAC8 /* Tests */,
				AEDDB00B248B578000A7DAC8 /* CONTRIBUTORS */,
				AEDDB00E248B578000A7DAC8 /* README.md */,
				AEDDB00F248B578100A7DAC8 /* .gitignore */,
				AEDDB011248B578100A7DAC8 /* CONTRIBUTING.md */,
				AEDDB00A248B578000A7DAC8 /* Examples */,
				AEDDB010248B578100A7DAC8 /* Doxyfile */,
				AEDDAFFE248B574F00A7DAC8 /* GTMAppAuth.h */,
				AEDDAFFF248B574F00A7DAC8 /* Info.plist */,
			);
			path = GTMAppAuth;
			sourceTree = "<group>";
		};
		AEDDB008248B578000A7DAC8 /* Tests */ = {
			isa = PBXGroup;
			children = (
			);
			path = Tests;
			sourceTree = "<group>";
		};
		AEDDB009248B578000A7DAC8 /* Source */ = {
			isa = PBXGroup;
			children = (
			);
			path = Source;
			sourceTree = "<group>";
		};
		AEDDB00A248B578000A7DAC8 /* Examples */ = {
			isa = PBXGroup;
			children = (
			);
			path = Examples;
			sourceTree = "<group>";
		};
		AEDDB00C248B578000A7DAC8 /* .build */ = {
			isa = PBXGroup;
			children = (
			);
			path = .build;
			sourceTree = "<group>";
		};
		B4238F5A1CD2C0E50054E7EF /* Controllers */ = {
			isa = PBXGroup;
			children = (
				B45C57DC1CE51CBF0057EEAF /* ViewControllers */,
				B4238F581CD2C0100054E7EF /* MailController.swift */,
				B4238F5E1CD2DF050054E7EF /* KeyController.swift */,
				461C0A521CE63F0B00C5B5A5 /* PenPalController.swift */,
			);
			name = Controllers;
			sourceTree = "<group>";
		};
		B4238F5D1CD2C4C50054E7EF /* SupportingFiles */ = {
			isa = PBXGroup;
			children = (
				CAEF8C6C1E9459100035FA97 /* Postcard-Bridging-Header.h */,
				46F64E8B1E777BA6006799B3 /* rfc2822.swift */,
				B4DA48971E57A53F00BB95FE /* ComposeView.strings */,
				B4DA48921E57A53F00BB95FE /* MailController.strings */,
				B4DA488D1E57A53E00BB95FE /* Localizable.strings */,
				B4DA48881E57A53D00BB95FE /* MenuView.strings */,
				B4DA48831E57A53D00BB95FE /* InfoPlist.strings */,
				B4DA48791E57A53C00BB95FE /* PopUpMessages.strings */,
				B4DA486F1E57A53B00BB95FE /* MessageView.strings */,
				B4DA486A1E57A53A00BB95FE /* PenPalsView.strings */,
				461891B71CC17B9A009C577D /* Info.plist */,
				B4238F5B1CD2C11C0054E7EF /* Constants.swift */,
				B460CCE81D41805D00507EFD /* Globals.swift */,
				CAA27A321E9AD8AA0030A89B /* Encoding.swift */,
			);
			name = SupportingFiles;
			sourceTree = "<group>";
		};
		B430D5EC1CF7DACD0025365E /* WindowControllers */ = {
			isa = PBXGroup;
			children = (
				B430D5EA1CF7C31D0025365E /* WelcomeWindowController.swift */,
				B4EDBB511CEF7C040094853F /* MainWindowController.swift */,
			);
			name = WindowControllers;
			sourceTree = "<group>";
		};
		B45C57DC1CE51CBF0057EEAF /* ViewControllers */ = {
			isa = PBXGroup;
			children = (
				B430D5EC1CF7DACD0025365E /* WindowControllers */,
				461C0A541CE6638C00C5B5A5 /* MenuViewController.swift */,
				461C0A571CE663D500C5B5A5 /* ContentViewController.swift */,
				461C0A5A1CE6645300C5B5A5 /* PenPalsViewController.swift */,
				461C0A5D1CE664D900C5B5A5 /* MessageListViewController.swift */,
				461C0A601CE6664200C5B5A5 /* MessageViewController.swift */,
				461C0A661CE696E300C5B5A5 /* MainSplitViewController.swift */,
				B4EDBB4D1CEF6BC50094853F /* ComposeViewController.swift */,
				B4EDBB4F1CEF74D80094853F /* WelcomeViewController.swift */,
				46A6F4AD1CEFB578007C2D17 /* MainContainerViewController.swift */,
				B48A273D1D08B4B8007BBB27 /* LockedViewController.swift */,
			);
			name = ViewControllers;
			sourceTree = "<group>";
		};
		B480464B1E29A0180032FAAB /* Fonts */ = {
			isa = PBXGroup;
			children = (
				463E68521D0B434300F70845 /* SignPainter.otf */,
				B455798C1D10C99B00E56D6D /* FuturaT_Bold.ttf */,
				466FC5FC1D021BA100B8AABB /* Proxima Nova Font Free */,
			);
			name = Fonts;
			sourceTree = "<group>";
		};
		B4BF355A1CDAC02F00C3CDD0 /* DataModels */ = {
			isa = PBXGroup;
			children = (
				B4BFDD231E4AA1B700455232 /* PenPal+CoreDataClass.swift */,
				B4BFDD241E4AA1B700455232 /* PenPal+CoreDataProperties.swift */,
				B4BFDD251E4AA1B700455232 /* User+CoreDataClass.swift */,
				B4BFDD261E4AA1B700455232 /* User+CoreDataProperties.swift */,
				B4BFDD271E4AA1B700455232 /* Postcard+CoreDataClass.swift */,
				B4BFDD281E4AA1B700455232 /* Postcard+CoreDataProperties.swift */,
				461891AF1CC17B9A009C577D /* Postcard.xcdatamodeld */,
				CAA27A301E9AD6430030A89B /* Packable.swift */,
			);
			name = DataModels;
			sourceTree = "<group>";
		};
		CD953D86455DD95CB6DAFBBB /* Frameworks */ = {
			isa = PBXGroup;
			children = (
				AEDDAFFD248B574F00A7DAC8 /* GTMAppAuth */,
				AEDDAFE72488AEFC00A7DAC8 /* MessagePack.framework */,
				46A7D0651E3000D800855A48 /* WebKit.framework */,
				B4572D7F1E2F09890072813D /* Sodium.framework */,
				B4238F561CD2A6030054E7EF /* SystemConfiguration.framework */,
				B4238F541CD2A24D0054E7EF /* Security.framework */,
			);
			name = Frameworks;
			sourceTree = "<group>";
		};
/* End PBXGroup section */

/* Begin PBXHeadersBuildPhase section */
		AEDDAFF7248B574F00A7DAC8 /* Headers */ = {
			isa = PBXHeadersBuildPhase;
			buildActionMask = 2147483647;
			files = (
				AEDDB000248B574F00A7DAC8 /* GTMAppAuth.h in Headers */,
			);
			runOnlyForDeploymentPostprocessing = 0;
		};
/* End PBXHeadersBuildPhase section */

/* Begin PBXNativeTarget section */
		461891A71CC17B99009C577D /* Postcard */ = {
			isa = PBXNativeTarget;
			buildConfigurationList = 461891D01CC17B9A009C577D /* Build configuration list for PBXNativeTarget "Postcard" */;
			buildPhases = (
				461891A41CC17B99009C577D /* Sources */,
				461891A51CC17B99009C577D /* Frameworks */,
				461891A61CC17B99009C577D /* Resources */,
				AEDDAFED2488AF1600A7DAC8 /* Embed Frameworks */,
			);
			buildRules = (
			);
			dependencies = (
				AEDDB002248B574F00A7DAC8 /* PBXTargetDependency */,
			);
			name = Postcard;
			packageProductDependencies = (
				AEA70D24248850FF00FAAAF1 /* AppAuth */,
				AEA70D26248850FF00FAAAF1 /* AppAuthCore */,
				AEA70D29248851D600FAAAF1 /* KeychainAccess */,
				AEA70D2C2488588D00FAAAF1 /* GoogleAPIClientForREST_PeopleService */,
				AEA70D2E2488588D00FAAAF1 /* GoogleAPIClientForREST_Gmail */,
				AEA70D3124885A5D00FAAAF1 /* Sodium */,
				AEDDAFF5248B518800A7DAC8 /* Datable */,
			);
			productName = Postcard;
			productReference = 461891A81CC17B99009C577D /* Postcard.app */;
			productType = "com.apple.product-type.application";
		};
		461891BB1CC17B9A009C577D /* PostcardTests */ = {
			isa = PBXNativeTarget;
			buildConfigurationList = 461891D31CC17B9A009C577D /* Build configuration list for PBXNativeTarget "PostcardTests" */;
			buildPhases = (
				E1C5B4139961023A29FF3D8C /* [CP] Check Pods Manifest.lock */,
				461891B81CC17B9A009C577D /* Sources */,
				461891B91CC17B9A009C577D /* Frameworks */,
				461891BA1CC17B9A009C577D /* Resources */,
				6F715FE05F658E4CF97702D5 /* [CP] Embed Pods Frameworks */,
				CDE0627A8276C76B635C498B /* [CP] Copy Pods Resources */,
			);
			buildRules = (
			);
			dependencies = (
				461891BE1CC17B9A009C577D /* PBXTargetDependency */,
			);
			name = PostcardTests;
			productName = PostcardTests;
			productReference = 461891BC1CC17B9A009C577D /* PostcardTests.xctest */;
			productType = "com.apple.product-type.bundle.unit-test";
		};
		461891C61CC17B9A009C577D /* PostcardUITests */ = {
			isa = PBXNativeTarget;
			buildConfigurationList = 461891D61CC17B9A009C577D /* Build configuration list for PBXNativeTarget "PostcardUITests" */;
			buildPhases = (
				A652955F5C4E49CBB442D64E /* [CP] Check Pods Manifest.lock */,
				461891C31CC17B9A009C577D /* Sources */,
				461891C41CC17B9A009C577D /* Frameworks */,
				461891C51CC17B9A009C577D /* Resources */,
				14B9777B0CE9678B8A8A5D59 /* [CP] Embed Pods Frameworks */,
				08E43DA2415AB2E67604ED85 /* [CP] Copy Pods Resources */,
			);
			buildRules = (
			);
			dependencies = (
				461891C91CC17B9A009C577D /* PBXTargetDependency */,
			);
			name = PostcardUITests;
			productName = PostcardUITests;
			productReference = 461891C71CC17B9A009C577D /* PostcardUITests.xctest */;
			productType = "com.apple.product-type.bundle.ui-testing";
		};
		AEDDAFFB248B574F00A7DAC8 /* GTMAppAuth */ = {
			isa = PBXNativeTarget;
			buildConfigurationList = AEDDB005248B574F00A7DAC8 /* Build configuration list for PBXNativeTarget "GTMAppAuth" */;
			buildPhases = (
				AEDDAFF7248B574F00A7DAC8 /* Headers */,
				AEDDAFF8248B574F00A7DAC8 /* Sources */,
				AEDDAFF9248B574F00A7DAC8 /* Frameworks */,
				AEDDAFFA248B574F00A7DAC8 /* Resources */,
			);
			buildRules = (
			);
			dependencies = (
			);
			name = GTMAppAuth;
			productName = GTMAppAuth;
			productReference = AEDDAFFC248B574F00A7DAC8 /* GTMAppAuth.framework */;
			productType = "com.apple.product-type.framework";
		};
/* End PBXNativeTarget section */

/* Begin PBXProject section */
		461891A01CC17B99009C577D /* Project object */ = {
			isa = PBXProject;
			attributes = {
				LastSwiftUpdateCheck = 0730;
				LastUpgradeCheck = 1150;
				ORGANIZATIONNAME = operatorfoundation.org;
				TargetAttributes = {
					461891A71CC17B99009C577D = {
						CreatedOnToolsVersion = 7.3;
						DevelopmentTeam = 67Y4NSLDQ3;
						LastSwiftMigration = 1010;
						ProvisioningStyle = Automatic;
						SystemCapabilities = {
							com.apple.Keychain = {
								enabled = 1;
							};
							com.apple.Sandbox = {
								enabled = 1;
							};
						};
					};
					461891BB1CC17B9A009C577D = {
						CreatedOnToolsVersion = 7.3;
						LastSwiftMigration = 1010;
						ProvisioningStyle = Automatic;
						TestTargetID = 461891A71CC17B99009C577D;
					};
					461891C61CC17B9A009C577D = {
						CreatedOnToolsVersion = 7.3;
						LastSwiftMigration = 1010;
						ProvisioningStyle = Automatic;
						TestTargetID = 461891A71CC17B99009C577D;
					};
					AEDDAFFB248B574F00A7DAC8 = {
						CreatedOnToolsVersion = 11.5;
					};
				};
			};
			buildConfigurationList = 461891A31CC17B99009C577D /* Build configuration list for PBXProject "Postcard" */;
			compatibilityVersion = "Xcode 3.2";
			developmentRegion = en;
			hasScannedForEncodings = 0;
			knownRegions = (
				en,
				Base,
				es,
			);
			mainGroup = 4618919F1CC17B99009C577D;
			packageReferences = (
				AEA70D23248850FF00FAAAF1 /* XCRemoteSwiftPackageReference "AppAuth-iOS" */,
				AEA70D28248851D600FAAAF1 /* XCRemoteSwiftPackageReference "KeychainAccess" */,
				AEA70D2B2488588D00FAAAF1 /* XCRemoteSwiftPackageReference "google-api-objectivec-client-for-rest" */,
				AEA70D3024885A5D00FAAAF1 /* XCRemoteSwiftPackageReference "swift-sodium" */,
				AEDDAFF4248B518800A7DAC8 /* XCRemoteSwiftPackageReference "Datable" */,
			);
			productRefGroup = 461891A91CC17B99009C577D /* Products */;
			projectDirPath = "";
			projectRoot = "";
			targets = (
				461891A71CC17B99009C577D /* Postcard */,
				461891BB1CC17B9A009C577D /* PostcardTests */,
				461891C61CC17B9A009C577D /* PostcardUITests */,
				AEDDAFFB248B574F00A7DAC8 /* GTMAppAuth */,
			);
		};
/* End PBXProject section */

/* Begin PBXResourcesBuildPhase section */
		461891A61CC17B99009C577D /* Resources */ = {
			isa = PBXResourcesBuildPhase;
			buildActionMask = 2147483647;
			files = (
				463E68531D0B43E600F70845 /* SignPainter.otf in Resources */,
				B4DA48771E57A53C00BB95FE /* PopUpMessages.strings in Resources */,
				B4DA488B1E57A53E00BB95FE /* Localizable.strings in Resources */,
				B4DA48861E57A53D00BB95FE /* MenuView.strings in Resources */,
				461891B31CC17B9A009C577D /* Assets.xcassets in Resources */,
				B4DA48901E57A53F00BB95FE /* MailController.strings in Resources */,
				461891B61CC17B9A009C577D /* Main.storyboard in Resources */,
				B4DA486D1E57A53B00BB95FE /* MessageView.strings in Resources */,
				466FC5FD1D021BA100B8AABB /* Proxima Nova Font Free in Resources */,
				B4DA48951E57A53F00BB95FE /* ComposeView.strings in Resources */,
				B4DA48811E57A53D00BB95FE /* InfoPlist.strings in Resources */,
				B4DA48681E57A53A00BB95FE /* PenPalsView.strings in Resources */,
			);
			runOnlyForDeploymentPostprocessing = 0;
		};
		461891BA1CC17B9A009C577D /* Resources */ = {
			isa = PBXResourcesBuildPhase;
			buildActionMask = 2147483647;
			files = (
				B4DA48721E57A53B00BB95FE /* InfoPlist.strings in Resources */,
				B4DA489A1E57B06000BB95FE /* Localizable.strings in Resources */,
			);
			runOnlyForDeploymentPostprocessing = 0;
		};
		461891C51CC17B9A009C577D /* Resources */ = {
			isa = PBXResourcesBuildPhase;
			buildActionMask = 2147483647;
			files = (
				B4DA487C1E57A53C00BB95FE /* InfoPlist.strings in Resources */,
				B4DA489F1E57DD4700BB95FE /* Localizable.strings in Resources */,
			);
			runOnlyForDeploymentPostprocessing = 0;
		};
		AEDDAFFA248B574F00A7DAC8 /* Resources */ = {
			isa = PBXResourcesBuildPhase;
			buildActionMask = 2147483647;
			files = (
			);
			runOnlyForDeploymentPostprocessing = 0;
		};
/* End PBXResourcesBuildPhase section */

/* Begin PBXShellScriptBuildPhase section */
		08E43DA2415AB2E67604ED85 /* [CP] Copy Pods Resources */ = {
			isa = PBXShellScriptBuildPhase;
			buildActionMask = 2147483647;
			files = (
			);
			inputPaths = (
			);
			name = "[CP] Copy Pods Resources";
			outputPaths = (
			);
			runOnlyForDeploymentPostprocessing = 0;
			shellPath = /bin/sh;
			shellScript = "\"${SRCROOT}/Pods/Target Support Files/Pods-PostcardUITests/Pods-PostcardUITests-resources.sh\"\n";
			showEnvVarsInLog = 0;
		};
		14B9777B0CE9678B8A8A5D59 /* [CP] Embed Pods Frameworks */ = {
			isa = PBXShellScriptBuildPhase;
			buildActionMask = 2147483647;
			files = (
			);
			inputPaths = (
			);
			name = "[CP] Embed Pods Frameworks";
			outputPaths = (
			);
			runOnlyForDeploymentPostprocessing = 0;
			shellPath = /bin/sh;
			shellScript = "\"${SRCROOT}/Pods/Target Support Files/Pods-PostcardUITests/Pods-PostcardUITests-frameworks.sh\"\n";
			showEnvVarsInLog = 0;
		};
		6F715FE05F658E4CF97702D5 /* [CP] Embed Pods Frameworks */ = {
			isa = PBXShellScriptBuildPhase;
			buildActionMask = 2147483647;
			files = (
			);
			inputPaths = (
			);
			name = "[CP] Embed Pods Frameworks";
			outputPaths = (
			);
			runOnlyForDeploymentPostprocessing = 0;
			shellPath = /bin/sh;
			shellScript = "\"${SRCROOT}/Pods/Target Support Files/Pods-PostcardTests/Pods-PostcardTests-frameworks.sh\"\n";
			showEnvVarsInLog = 0;
		};
		A652955F5C4E49CBB442D64E /* [CP] Check Pods Manifest.lock */ = {
			isa = PBXShellScriptBuildPhase;
			buildActionMask = 2147483647;
			files = (
			);
			inputPaths = (
			);
			name = "[CP] Check Pods Manifest.lock";
			outputPaths = (
			);
			runOnlyForDeploymentPostprocessing = 0;
			shellPath = /bin/sh;
			shellScript = "diff \"${PODS_ROOT}/../Podfile.lock\" \"${PODS_ROOT}/Manifest.lock\" > /dev/null\nif [ $? != 0 ] ; then\n    # print error to STDERR\n    echo \"error: The sandbox is not in sync with the Podfile.lock. Run 'pod install' or update your CocoaPods installation.\" >&2\n    exit 1\nfi\n";
			showEnvVarsInLog = 0;
		};
		CDE0627A8276C76B635C498B /* [CP] Copy Pods Resources */ = {
			isa = PBXShellScriptBuildPhase;
			buildActionMask = 2147483647;
			files = (
			);
			inputPaths = (
			);
			name = "[CP] Copy Pods Resources";
			outputPaths = (
			);
			runOnlyForDeploymentPostprocessing = 0;
			shellPath = /bin/sh;
			shellScript = "\"${SRCROOT}/Pods/Target Support Files/Pods-PostcardTests/Pods-PostcardTests-resources.sh\"\n";
			showEnvVarsInLog = 0;
		};
		E1C5B4139961023A29FF3D8C /* [CP] Check Pods Manifest.lock */ = {
			isa = PBXShellScriptBuildPhase;
			buildActionMask = 2147483647;
			files = (
			);
			inputPaths = (
			);
			name = "[CP] Check Pods Manifest.lock";
			outputPaths = (
			);
			runOnlyForDeploymentPostprocessing = 0;
			shellPath = /bin/sh;
			shellScript = "diff \"${PODS_ROOT}/../Podfile.lock\" \"${PODS_ROOT}/Manifest.lock\" > /dev/null\nif [ $? != 0 ] ; then\n    # print error to STDERR\n    echo \"error: The sandbox is not in sync with the Podfile.lock. Run 'pod install' or update your CocoaPods installation.\" >&2\n    exit 1\nfi\n";
			showEnvVarsInLog = 0;
		};
/* End PBXShellScriptBuildPhase section */

/* Begin PBXSourcesBuildPhase section */
		461891A41CC17B99009C577D /* Sources */ = {
			isa = PBXSourcesBuildPhase;
			buildActionMask = 2147483647;
			files = (
				461C0A581CE663D500C5B5A5 /* ContentViewController.swift in Sources */,
				B4BFDD2A1E4AA1B700455232 /* PenPal+CoreDataProperties.swift in Sources */,
				B4BFDD2C1E4AA1B700455232 /* User+CoreDataProperties.swift in Sources */,
				B4BFDD2E1E4AA1B700455232 /* Postcard+CoreDataProperties.swift in Sources */,
				461C0A611CE6664200C5B5A5 /* MessageViewController.swift in Sources */,
				461891B11CC17B9A009C577D /* Postcard.xcdatamodeld in Sources */,
				B460CCE91D41805D00507EFD /* Globals.swift in Sources */,
				B4238F5F1CD2DF050054E7EF /* KeyController.swift in Sources */,
				CAA27A311E9AD6430030A89B /* Packable.swift in Sources */,
				B4BFDD2B1E4AA1B700455232 /* User+CoreDataClass.swift in Sources */,
				461C0A641CE682AF00C5B5A5 /* DesignableView.swift in Sources */,
				B4EDBB501CEF74D80094853F /* WelcomeViewController.swift in Sources */,
				B4BFDD291E4AA1B700455232 /* PenPal+CoreDataClass.swift in Sources */,
				46F64E8C1E777BA6006799B3 /* rfc2822.swift in Sources */,
				461C0A671CE696E300C5B5A5 /* MainSplitViewController.swift in Sources */,
				B4BFDD2D1E4AA1B700455232 /* Postcard+CoreDataClass.swift in Sources */,
				46A6F4AE1CEFB578007C2D17 /* MainContainerViewController.swift in Sources */,
				461891AC1CC17B9A009C577D /* AppDelegate.swift in Sources */,
				B4EDBB521CEF7C040094853F /* MainWindowController.swift in Sources */,
				B4238F591CD2C0100054E7EF /* MailController.swift in Sources */,
				461C0A551CE6638C00C5B5A5 /* MenuViewController.swift in Sources */,
				CAA27A331E9AD8AA0030A89B /* Encoding.swift in Sources */,
				461C0A531CE63F0B00C5B5A5 /* PenPalController.swift in Sources */,
				B4EDBB4E1CEF6BC50094853F /* ComposeViewController.swift in Sources */,
				B4238F5C1CD2C11C0054E7EF /* Constants.swift in Sources */,
				B430D5EB1CF7C31D0025365E /* WelcomeWindowController.swift in Sources */,
				461C0A5E1CE664D900C5B5A5 /* MessageListViewController.swift in Sources */,
				461C0A5B1CE6645300C5B5A5 /* PenPalsViewController.swift in Sources */,
				B48A273E1D08B4B8007BBB27 /* LockedViewController.swift in Sources */,
			);
			runOnlyForDeploymentPostprocessing = 0;
		};
		461891B81CC17B9A009C577D /* Sources */ = {
			isa = PBXSourcesBuildPhase;
			buildActionMask = 2147483647;
			files = (
				461891C11CC17B9A009C577D /* PostcardTests.swift in Sources */,
			);
			runOnlyForDeploymentPostprocessing = 0;
		};
		461891C31CC17B9A009C577D /* Sources */ = {
			isa = PBXSourcesBuildPhase;
			buildActionMask = 2147483647;
			files = (
				461891CC1CC17B9A009C577D /* PostcardUITests.swift in Sources */,
			);
			runOnlyForDeploymentPostprocessing = 0;
		};
		AEDDAFF8248B574F00A7DAC8 /* Sources */ = {
			isa = PBXSourcesBuildPhase;
			buildActionMask = 2147483647;
			files = (
			);
			runOnlyForDeploymentPostprocessing = 0;
		};
/* End PBXSourcesBuildPhase section */

/* Begin PBXTargetDependency section */
		461891BE1CC17B9A009C577D /* PBXTargetDependency */ = {
			isa = PBXTargetDependency;
			target = 461891A71CC17B99009C577D /* Postcard */;
			targetProxy = 461891BD1CC17B9A009C577D /* PBXContainerItemProxy */;
		};
		461891C91CC17B9A009C577D /* PBXTargetDependency */ = {
			isa = PBXTargetDependency;
			target = 461891A71CC17B99009C577D /* Postcard */;
			targetProxy = 461891C81CC17B9A009C577D /* PBXContainerItemProxy */;
		};
		AEDDB002248B574F00A7DAC8 /* PBXTargetDependency */ = {
			isa = PBXTargetDependency;
			target = AEDDAFFB248B574F00A7DAC8 /* GTMAppAuth */;
			targetProxy = AEDDB001248B574F00A7DAC8 /* PBXContainerItemProxy */;
		};
/* End PBXTargetDependency section */

/* Begin PBXVariantGroup section */
		461891B41CC17B9A009C577D /* Main.storyboard */ = {
			isa = PBXVariantGroup;
			children = (
				461891B51CC17B9A009C577D /* Base */,
				B4316C9B1D527F83000138D0 /* es */,
			);
			name = Main.storyboard;
			sourceTree = "<group>";
		};
		B4DA486A1E57A53A00BB95FE /* PenPalsView.strings */ = {
			isa = PBXVariantGroup;
			children = (
				B4DA48691E57A53A00BB95FE /* es */,
			);
			name = PenPalsView.strings;
			sourceTree = "<group>";
		};
		B4DA486F1E57A53B00BB95FE /* MessageView.strings */ = {
			isa = PBXVariantGroup;
			children = (
				B4DA486E1E57A53B00BB95FE /* es */,
			);
			name = MessageView.strings;
			sourceTree = "<group>";
		};
		B4DA48741E57A53B00BB95FE /* InfoPlist.strings */ = {
			isa = PBXVariantGroup;
			children = (
				B4DA48731E57A53B00BB95FE /* es */,
			);
			name = InfoPlist.strings;
			sourceTree = "<group>";
		};
		B4DA48791E57A53C00BB95FE /* PopUpMessages.strings */ = {
			isa = PBXVariantGroup;
			children = (
				B4DA48781E57A53C00BB95FE /* es */,
			);
			name = PopUpMessages.strings;
			sourceTree = "<group>";
		};
		B4DA487E1E57A53C00BB95FE /* InfoPlist.strings */ = {
			isa = PBXVariantGroup;
			children = (
				B4DA487D1E57A53C00BB95FE /* es */,
			);
			name = InfoPlist.strings;
			sourceTree = "<group>";
		};
		B4DA48831E57A53D00BB95FE /* InfoPlist.strings */ = {
			isa = PBXVariantGroup;
			children = (
				B4DA48821E57A53D00BB95FE /* es */,
			);
			name = InfoPlist.strings;
			sourceTree = "<group>";
		};
		B4DA48881E57A53D00BB95FE /* MenuView.strings */ = {
			isa = PBXVariantGroup;
			children = (
				B4DA48871E57A53D00BB95FE /* es */,
			);
			name = MenuView.strings;
			sourceTree = "<group>";
		};
		B4DA488D1E57A53E00BB95FE /* Localizable.strings */ = {
			isa = PBXVariantGroup;
			children = (
				B4DA488C1E57A53E00BB95FE /* es */,
			);
			name = Localizable.strings;
			sourceTree = "<group>";
		};
		B4DA48921E57A53F00BB95FE /* MailController.strings */ = {
			isa = PBXVariantGroup;
			children = (
				B4DA48911E57A53F00BB95FE /* es */,
			);
			name = MailController.strings;
			sourceTree = "<group>";
		};
		B4DA48971E57A53F00BB95FE /* ComposeView.strings */ = {
			isa = PBXVariantGroup;
			children = (
				B4DA48961E57A53F00BB95FE /* es */,
			);
			name = ComposeView.strings;
			sourceTree = "<group>";
		};
		B4DA489C1E57B06000BB95FE /* Localizable.strings */ = {
			isa = PBXVariantGroup;
			children = (
				B4DA489B1E57B06000BB95FE /* es */,
			);
			name = Localizable.strings;
			sourceTree = "<group>";
		};
		B4DA48A11E57DD4700BB95FE /* Localizable.strings */ = {
			isa = PBXVariantGroup;
			children = (
				B4DA48A01E57DD4700BB95FE /* es */,
			);
			name = Localizable.strings;
			sourceTree = "<group>";
		};
/* End PBXVariantGroup section */

/* Begin XCBuildConfiguration section */
		461891CE1CC17B9A009C577D /* Debug */ = {
			isa = XCBuildConfiguration;
			buildSettings = {
				ALWAYS_SEARCH_USER_PATHS = NO;
				CLANG_ANALYZER_LOCALIZABILITY_NONLOCALIZED = YES;
				CLANG_ANALYZER_NONNULL = YES;
				CLANG_CXX_LANGUAGE_STANDARD = "gnu++0x";
				CLANG_CXX_LIBRARY = "libc++";
				CLANG_ENABLE_MODULES = YES;
				CLANG_ENABLE_OBJC_ARC = YES;
				CLANG_WARN_BLOCK_CAPTURE_AUTORELEASING = YES;
				CLANG_WARN_BOOL_CONVERSION = YES;
				CLANG_WARN_COMMA = YES;
				CLANG_WARN_CONSTANT_CONVERSION = YES;
				CLANG_WARN_DEPRECATED_OBJC_IMPLEMENTATIONS = YES;
				CLANG_WARN_DIRECT_OBJC_ISA_USAGE = YES_ERROR;
				CLANG_WARN_EMPTY_BODY = YES;
				CLANG_WARN_ENUM_CONVERSION = YES;
				CLANG_WARN_INFINITE_RECURSION = YES;
				CLANG_WARN_INT_CONVERSION = YES;
				CLANG_WARN_NON_LITERAL_NULL_CONVERSION = YES;
				CLANG_WARN_OBJC_IMPLICIT_RETAIN_SELF = YES;
				CLANG_WARN_OBJC_LITERAL_CONVERSION = YES;
				CLANG_WARN_OBJC_ROOT_CLASS = YES_ERROR;
				CLANG_WARN_RANGE_LOOP_ANALYSIS = YES;
				CLANG_WARN_STRICT_PROTOTYPES = YES;
				CLANG_WARN_SUSPICIOUS_MOVE = YES;
				CLANG_WARN_UNREACHABLE_CODE = YES;
				CLANG_WARN__DUPLICATE_METHOD_MATCH = YES;
				CODE_SIGN_IDENTITY = "";
				COPY_PHASE_STRIP = NO;
				DEBUG_INFORMATION_FORMAT = dwarf;
				ENABLE_STRICT_OBJC_MSGSEND = YES;
				ENABLE_TESTABILITY = YES;
				GCC_C_LANGUAGE_STANDARD = gnu99;
				GCC_DYNAMIC_NO_PIC = NO;
				GCC_NO_COMMON_BLOCKS = YES;
				GCC_OPTIMIZATION_LEVEL = 0;
				GCC_PREPROCESSOR_DEFINITIONS = (
					"DEBUG=1",
					"$(inherited)",
				);
				GCC_WARN_64_TO_32_BIT_CONVERSION = YES;
				GCC_WARN_ABOUT_RETURN_TYPE = YES_ERROR;
				GCC_WARN_UNDECLARED_SELECTOR = YES;
				GCC_WARN_UNINITIALIZED_AUTOS = YES_AGGRESSIVE;
				GCC_WARN_UNUSED_FUNCTION = YES;
				GCC_WARN_UNUSED_VARIABLE = YES;
				MACOSX_DEPLOYMENT_TARGET = 10.12;
				MTL_ENABLE_DEBUG_INFO = YES;
				ONLY_ACTIVE_ARCH = YES;
				SDKROOT = macosx;
				SWIFT_OPTIMIZATION_LEVEL = "-Onone";
			};
			name = Debug;
		};
		461891CF1CC17B9A009C577D /* Release */ = {
			isa = XCBuildConfiguration;
			buildSettings = {
				ALWAYS_SEARCH_USER_PATHS = NO;
				CLANG_ANALYZER_LOCALIZABILITY_NONLOCALIZED = YES;
				CLANG_ANALYZER_NONNULL = YES;
				CLANG_CXX_LANGUAGE_STANDARD = "gnu++0x";
				CLANG_CXX_LIBRARY = "libc++";
				CLANG_ENABLE_MODULES = YES;
				CLANG_ENABLE_OBJC_ARC = YES;
				CLANG_WARN_BLOCK_CAPTURE_AUTORELEASING = YES;
				CLANG_WARN_BOOL_CONVERSION = YES;
				CLANG_WARN_COMMA = YES;
				CLANG_WARN_CONSTANT_CONVERSION = YES;
				CLANG_WARN_DEPRECATED_OBJC_IMPLEMENTATIONS = YES;
				CLANG_WARN_DIRECT_OBJC_ISA_USAGE = YES_ERROR;
				CLANG_WARN_EMPTY_BODY = YES;
				CLANG_WARN_ENUM_CONVERSION = YES;
				CLANG_WARN_INFINITE_RECURSION = YES;
				CLANG_WARN_INT_CONVERSION = YES;
				CLANG_WARN_NON_LITERAL_NULL_CONVERSION = YES;
				CLANG_WARN_OBJC_IMPLICIT_RETAIN_SELF = YES;
				CLANG_WARN_OBJC_LITERAL_CONVERSION = YES;
				CLANG_WARN_OBJC_ROOT_CLASS = YES_ERROR;
				CLANG_WARN_RANGE_LOOP_ANALYSIS = YES;
				CLANG_WARN_STRICT_PROTOTYPES = YES;
				CLANG_WARN_SUSPICIOUS_MOVE = YES;
				CLANG_WARN_UNREACHABLE_CODE = YES;
				CLANG_WARN__DUPLICATE_METHOD_MATCH = YES;
				CODE_SIGN_IDENTITY = "";
				COPY_PHASE_STRIP = NO;
				DEBUG_INFORMATION_FORMAT = "dwarf-with-dsym";
				ENABLE_NS_ASSERTIONS = NO;
				ENABLE_STRICT_OBJC_MSGSEND = YES;
				GCC_C_LANGUAGE_STANDARD = gnu99;
				GCC_NO_COMMON_BLOCKS = YES;
				GCC_WARN_64_TO_32_BIT_CONVERSION = YES;
				GCC_WARN_ABOUT_RETURN_TYPE = YES_ERROR;
				GCC_WARN_UNDECLARED_SELECTOR = YES;
				GCC_WARN_UNINITIALIZED_AUTOS = YES_AGGRESSIVE;
				GCC_WARN_UNUSED_FUNCTION = YES;
				GCC_WARN_UNUSED_VARIABLE = YES;
				MACOSX_DEPLOYMENT_TARGET = 10.12;
				MTL_ENABLE_DEBUG_INFO = NO;
				SDKROOT = macosx;
				SWIFT_COMPILATION_MODE = wholemodule;
				SWIFT_OPTIMIZATION_LEVEL = "-O";
			};
			name = Release;
		};
		461891D11CC17B9A009C577D /* Debug */ = {
			isa = XCBuildConfiguration;
			buildSettings = {
				ALWAYS_SEARCH_USER_PATHS = NO;
				ASSETCATALOG_COMPILER_APPICON_NAME = AppIcon;
				CLANG_ENABLE_MODULES = YES;
				CODE_SIGN_ENTITLEMENTS = Postcard/Postcard.entitlements;
				CODE_SIGN_IDENTITY = "Mac Developer";
				COMBINE_HIDPI_IMAGES = YES;
				DEVELOPMENT_TEAM = 67Y4NSLDQ3;
				ENABLE_HARDENED_RUNTIME = YES;
				FRAMEWORK_SEARCH_PATHS = (
					"$(inherited)",
					"$(PROJECT_DIR)",
				);
				GCC_PREPROCESSOR_DEFINITIONS = (
					"$(inherited)",
					"GTLR_USE_MODULAR_IMPORT=1",
				);
				INFOPLIST_FILE = Postcard/Info.plist;
				LD_RUNPATH_SEARCH_PATHS = (
					"$(inherited)",
					"@executable_path/../Frameworks",
				);
				LIBRARY_SEARCH_PATHS = (
					"$(inherited)",
					"$(PROJECT_DIR)/Pods/Sodium/Sodium",
				);
				OTHER_LDFLAGS = (
					"$(inherited)",
					"-framework",
					"\"GTMAppAuth\"",
					"-framework",
					"\"GTMSessionFetcher\"",
					"-framework",
					"\"GoogleAPIClientForREST\"",
					"-framework",
					"\"KeychainAccess\"",
					"-framework",
					"\"Sodium\"",
				);
				OTHER_SWIFT_FLAGS = "$(inherited)";
				PRODUCT_BUNDLE_IDENTIFIER = org.operatorfoundation.Postcard;
				PRODUCT_NAME = "$(TARGET_NAME)";
				SWIFT_OBJC_BRIDGING_HEADER = "Postcard/Postcard-Bridging-Header.h";
				SWIFT_OPTIMIZATION_LEVEL = "-Onone";
				SWIFT_SWIFT3_OBJC_INFERENCE = On;
				SWIFT_VERSION = 4.2;
			};
			name = Debug;
		};
		461891D21CC17B9A009C577D /* Release */ = {
			isa = XCBuildConfiguration;
			buildSettings = {
				ALWAYS_SEARCH_USER_PATHS = NO;
				ASSETCATALOG_COMPILER_APPICON_NAME = AppIcon;
				CLANG_ENABLE_MODULES = YES;
				CODE_SIGN_ENTITLEMENTS = Postcard/Postcard.entitlements;
				CODE_SIGN_IDENTITY = "Mac Developer";
				COMBINE_HIDPI_IMAGES = YES;
				DEVELOPMENT_TEAM = 67Y4NSLDQ3;
				ENABLE_HARDENED_RUNTIME = YES;
				FRAMEWORK_SEARCH_PATHS = (
					"$(inherited)",
					"$(PROJECT_DIR)",
				);
				GCC_PREPROCESSOR_DEFINITIONS = (
					"$(inherited)",
					"GTLR_USE_MODULAR_IMPORT=1",
				);
				INFOPLIST_FILE = Postcard/Info.plist;
				LD_RUNPATH_SEARCH_PATHS = (
					"$(inherited)",
					"@executable_path/../Frameworks",
				);
				LIBRARY_SEARCH_PATHS = (
					"$(inherited)",
					"$(PROJECT_DIR)/Pods/Sodium/Sodium",
				);
				OTHER_LDFLAGS = (
					"$(inherited)",
					"-framework",
					"\"GTMAppAuth\"",
					"-framework",
					"\"GTMSessionFetcher\"",
					"-framework",
					"\"GoogleAPIClientForREST\"",
					"-framework",
					"\"KeychainAccess\"",
					"-framework",
					"\"Sodium\"",
				);
				OTHER_SWIFT_FLAGS = "$(inherited)";
				PRODUCT_BUNDLE_IDENTIFIER = org.operatorfoundation.Postcard;
				PRODUCT_NAME = "$(TARGET_NAME)";
				SWIFT_OBJC_BRIDGING_HEADER = "Postcard/Postcard-Bridging-Header.h";
				SWIFT_SWIFT3_OBJC_INFERENCE = On;
				SWIFT_VERSION = 4.2;
			};
			name = Release;
		};
		461891D41CC17B9A009C577D /* Debug */ = {
			isa = XCBuildConfiguration;
			buildSettings = {
				BUNDLE_LOADER = "$(TEST_HOST)";
				CODE_SIGN_IDENTITY = "Mac Developer";
				CODE_SIGN_STYLE = Automatic;
				COMBINE_HIDPI_IMAGES = YES;
				DEVELOPMENT_TEAM = "";
				INFOPLIST_FILE = PostcardTests/Info.plist;
				LD_RUNPATH_SEARCH_PATHS = (
					"$(inherited)",
					"@executable_path/../Frameworks",
					"@loader_path/../Frameworks",
				);
				PRODUCT_BUNDLE_IDENTIFIER = org.operatorfoundation.PostcardTests;
				PRODUCT_NAME = "$(TARGET_NAME)";
				PROVISIONING_PROFILE_SPECIFIER = "";
				SWIFT_SWIFT3_OBJC_INFERENCE = On;
				SWIFT_VERSION = 4.2;
				TEST_HOST = "$(BUILT_PRODUCTS_DIR)/Postcard.app/Contents/MacOS/Postcard";
			};
			name = Debug;
		};
		461891D51CC17B9A009C577D /* Release */ = {
			isa = XCBuildConfiguration;
			buildSettings = {
				BUNDLE_LOADER = "$(TEST_HOST)";
				CODE_SIGN_IDENTITY = "Mac Developer";
				CODE_SIGN_STYLE = Automatic;
				COMBINE_HIDPI_IMAGES = YES;
				DEVELOPMENT_TEAM = "";
				INFOPLIST_FILE = PostcardTests/Info.plist;
				LD_RUNPATH_SEARCH_PATHS = (
					"$(inherited)",
					"@executable_path/../Frameworks",
					"@loader_path/../Frameworks",
				);
				PRODUCT_BUNDLE_IDENTIFIER = org.operatorfoundation.PostcardTests;
				PRODUCT_NAME = "$(TARGET_NAME)";
				PROVISIONING_PROFILE_SPECIFIER = "";
				SWIFT_SWIFT3_OBJC_INFERENCE = On;
				SWIFT_VERSION = 4.2;
				TEST_HOST = "$(BUILT_PRODUCTS_DIR)/Postcard.app/Contents/MacOS/Postcard";
			};
			name = Release;
		};
		461891D71CC17B9A009C577D /* Debug */ = {
			isa = XCBuildConfiguration;
			buildSettings = {
				CODE_SIGN_IDENTITY = "Mac Developer";
				CODE_SIGN_STYLE = Automatic;
				COMBINE_HIDPI_IMAGES = YES;
				DEVELOPMENT_TEAM = "";
				INFOPLIST_FILE = PostcardUITests/Info.plist;
				LD_RUNPATH_SEARCH_PATHS = (
					"$(inherited)",
					"@executable_path/../Frameworks",
					"@loader_path/../Frameworks",
				);
				PRODUCT_BUNDLE_IDENTIFIER = org.operatorfoundation.PostcardUITests;
				PRODUCT_NAME = "$(TARGET_NAME)";
				PROVISIONING_PROFILE_SPECIFIER = "";
				SWIFT_SWIFT3_OBJC_INFERENCE = On;
				SWIFT_VERSION = 4.2;
				TEST_TARGET_NAME = Postcard;
			};
			name = Debug;
		};
		461891D81CC17B9A009C577D /* Release */ = {
			isa = XCBuildConfiguration;
			buildSettings = {
				CODE_SIGN_IDENTITY = "Mac Developer";
				CODE_SIGN_STYLE = Automatic;
				COMBINE_HIDPI_IMAGES = YES;
				DEVELOPMENT_TEAM = "";
				INFOPLIST_FILE = PostcardUITests/Info.plist;
				LD_RUNPATH_SEARCH_PATHS = (
					"$(inherited)",
					"@executable_path/../Frameworks",
					"@loader_path/../Frameworks",
				);
				PRODUCT_BUNDLE_IDENTIFIER = org.operatorfoundation.PostcardUITests;
				PRODUCT_NAME = "$(TARGET_NAME)";
				PROVISIONING_PROFILE_SPECIFIER = "";
				SWIFT_SWIFT3_OBJC_INFERENCE = On;
				SWIFT_VERSION = 4.2;
				TEST_TARGET_NAME = Postcard;
			};
			name = Release;
		};
		AEDDB006248B574F00A7DAC8 /* Debug */ = {
			isa = XCBuildConfiguration;
			buildSettings = {
				CLANG_ANALYZER_NUMBER_OBJECT_CONVERSION = YES_AGGRESSIVE;
				CLANG_CXX_LANGUAGE_STANDARD = "gnu++14";
				CLANG_ENABLE_OBJC_WEAK = YES;
				CLANG_WARN_DOCUMENTATION_COMMENTS = YES;
				CLANG_WARN_UNGUARDED_AVAILABILITY = YES_AGGRESSIVE;
				CODE_SIGN_IDENTITY = "Mac Developer";
				CODE_SIGN_STYLE = Automatic;
				COMBINE_HIDPI_IMAGES = YES;
				CURRENT_PROJECT_VERSION = 1;
				DEFINES_MODULE = YES;
				DEVELOPMENT_TEAM = 67Y4NSLDQ3;
				DYLIB_COMPATIBILITY_VERSION = 1;
				DYLIB_CURRENT_VERSION = 1;
				DYLIB_INSTALL_NAME_BASE = "@rpath";
				GCC_C_LANGUAGE_STANDARD = gnu11;
				INFOPLIST_FILE = GTMAppAuth/Info.plist;
				INSTALL_PATH = "$(LOCAL_LIBRARY_DIR)/Frameworks";
				LD_RUNPATH_SEARCH_PATHS = (
					"$(inherited)",
					"@executable_path/../Frameworks",
					"@loader_path/Frameworks",
				);
				MACOSX_DEPLOYMENT_TARGET = 10.15;
				MTL_ENABLE_DEBUG_INFO = INCLUDE_SOURCE;
				MTL_FAST_MATH = YES;
				PRODUCT_BUNDLE_IDENTIFIER = org.org.OperatorFoundation.GTMAppAuth;
				PRODUCT_NAME = "$(TARGET_NAME:c99extidentifier)";
				SKIP_INSTALL = YES;
				SWIFT_ACTIVE_COMPILATION_CONDITIONS = DEBUG;
				SWIFT_VERSION = 5.0;
				VERSIONING_SYSTEM = "apple-generic";
				VERSION_INFO_PREFIX = "";
			};
			name = Debug;
		};
		AEDDB007248B574F00A7DAC8 /* Release */ = {
			isa = XCBuildConfiguration;
			buildSettings = {
				CLANG_ANALYZER_NUMBER_OBJECT_CONVERSION = YES_AGGRESSIVE;
				CLANG_CXX_LANGUAGE_STANDARD = "gnu++14";
				CLANG_ENABLE_OBJC_WEAK = YES;
				CLANG_WARN_DOCUMENTATION_COMMENTS = YES;
				CLANG_WARN_UNGUARDED_AVAILABILITY = YES_AGGRESSIVE;
				CODE_SIGN_IDENTITY = "Mac Developer";
				CODE_SIGN_STYLE = Automatic;
				COMBINE_HIDPI_IMAGES = YES;
				CURRENT_PROJECT_VERSION = 1;
				DEFINES_MODULE = YES;
				DEVELOPMENT_TEAM = 67Y4NSLDQ3;
				DYLIB_COMPATIBILITY_VERSION = 1;
				DYLIB_CURRENT_VERSION = 1;
				DYLIB_INSTALL_NAME_BASE = "@rpath";
				GCC_C_LANGUAGE_STANDARD = gnu11;
				INFOPLIST_FILE = GTMAppAuth/Info.plist;
				INSTALL_PATH = "$(LOCAL_LIBRARY_DIR)/Frameworks";
				LD_RUNPATH_SEARCH_PATHS = (
					"$(inherited)",
					"@executable_path/../Frameworks",
					"@loader_path/Frameworks",
				);
				MACOSX_DEPLOYMENT_TARGET = 10.15;
				MTL_FAST_MATH = YES;
				PRODUCT_BUNDLE_IDENTIFIER = org.org.OperatorFoundation.GTMAppAuth;
				PRODUCT_NAME = "$(TARGET_NAME:c99extidentifier)";
				SKIP_INSTALL = YES;
				SWIFT_VERSION = 5.0;
				VERSIONING_SYSTEM = "apple-generic";
				VERSION_INFO_PREFIX = "";
			};
			name = Release;
		};
/* End XCBuildConfiguration section */

/* Begin XCConfigurationList section */
		461891A31CC17B99009C577D /* Build configuration list for PBXProject "Postcard" */ = {
			isa = XCConfigurationList;
			buildConfigurations = (
				461891CE1CC17B9A009C577D /* Debug */,
				461891CF1CC17B9A009C577D /* Release */,
			);
			defaultConfigurationIsVisible = 0;
			defaultConfigurationName = Release;
		};
		461891D01CC17B9A009C577D /* Build configuration list for PBXNativeTarget "Postcard" */ = {
			isa = XCConfigurationList;
			buildConfigurations = (
				461891D11CC17B9A009C577D /* Debug */,
				461891D21CC17B9A009C577D /* Release */,
			);
			defaultConfigurationIsVisible = 0;
			defaultConfigurationName = Release;
		};
		461891D31CC17B9A009C577D /* Build configuration list for PBXNativeTarget "PostcardTests" */ = {
			isa = XCConfigurationList;
			buildConfigurations = (
				461891D41CC17B9A009C577D /* Debug */,
				461891D51CC17B9A009C577D /* Release */,
			);
			defaultConfigurationIsVisible = 0;
			defaultConfigurationName = Release;
		};
		461891D61CC17B9A009C577D /* Build configuration list for PBXNativeTarget "PostcardUITests" */ = {
			isa = XCConfigurationList;
			buildConfigurations = (
				461891D71CC17B9A009C577D /* Debug */,
				461891D81CC17B9A009C577D /* Release */,
			);
			defaultConfigurationIsVisible = 0;
			defaultConfigurationName = Release;
		};
		AEDDB005248B574F00A7DAC8 /* Build configuration list for PBXNativeTarget "GTMAppAuth" */ = {
			isa = XCConfigurationList;
			buildConfigurations = (
				AEDDB006248B574F00A7DAC8 /* Debug */,
				AEDDB007248B574F00A7DAC8 /* Release */,
			);
			defaultConfigurationIsVisible = 0;
			defaultConfigurationName = Release;
		};
/* End XCConfigurationList section */

/* Begin XCRemoteSwiftPackageReference section */
		AEA70D23248850FF00FAAAF1 /* XCRemoteSwiftPackageReference "AppAuth-iOS" */ = {
			isa = XCRemoteSwiftPackageReference;
			repositoryURL = "https://github.com/openid/AppAuth-iOS.git";
			requirement = {
				kind = upToNextMajorVersion;
				minimumVersion = 1.4.0;
			};
		};
		AEA70D28248851D600FAAAF1 /* XCRemoteSwiftPackageReference "KeychainAccess" */ = {
			isa = XCRemoteSwiftPackageReference;
			repositoryURL = "https://github.com/kishikawakatsumi/KeychainAccess.git";
			requirement = {
				kind = upToNextMajorVersion;
				minimumVersion = 4.2.0;
			};
		};
		AEA70D2B2488588D00FAAAF1 /* XCRemoteSwiftPackageReference "google-api-objectivec-client-for-rest" */ = {
			isa = XCRemoteSwiftPackageReference;
			repositoryURL = "https://github.com/google/google-api-objectivec-client-for-rest.git";
			requirement = {
				kind = upToNextMajorVersion;
				minimumVersion = 1.4.1;
			};
		};
		AEA70D3024885A5D00FAAAF1 /* XCRemoteSwiftPackageReference "swift-sodium" */ = {
			isa = XCRemoteSwiftPackageReference;
			repositoryURL = "https://github.com/OperatorFoundation/swift-sodium.git";
			requirement = {
				kind = upToNextMajorVersion;
				minimumVersion = 0.8.4;
			};
		};
		AEDDAFF4248B518800A7DAC8 /* XCRemoteSwiftPackageReference "Datable" */ = {
			isa = XCRemoteSwiftPackageReference;
			repositoryURL = "https://github.com/OperatorFoundation/Datable.git";
			requirement = {
				kind = upToNextMajorVersion;
				minimumVersion = 2.0.2;
			};
		};
/* End XCRemoteSwiftPackageReference section */

/* Begin XCSwiftPackageProductDependency section */
		AEA70D24248850FF00FAAAF1 /* AppAuth */ = {
			isa = XCSwiftPackageProductDependency;
			package = AEA70D23248850FF00FAAAF1 /* XCRemoteSwiftPackageReference "AppAuth-iOS" */;
			productName = AppAuth;
		};
		AEA70D26248850FF00FAAAF1 /* AppAuthCore */ = {
			isa = XCSwiftPackageProductDependency;
			package = AEA70D23248850FF00FAAAF1 /* XCRemoteSwiftPackageReference "AppAuth-iOS" */;
			productName = AppAuthCore;
		};
		AEA70D29248851D600FAAAF1 /* KeychainAccess */ = {
			isa = XCSwiftPackageProductDependency;
			package = AEA70D28248851D600FAAAF1 /* XCRemoteSwiftPackageReference "KeychainAccess" */;
			productName = KeychainAccess;
		};
		AEA70D2C2488588D00FAAAF1 /* GoogleAPIClientForREST_PeopleService */ = {
			isa = XCSwiftPackageProductDependency;
			package = AEA70D2B2488588D00FAAAF1 /* XCRemoteSwiftPackageReference "google-api-objectivec-client-for-rest" */;
			productName = GoogleAPIClientForREST_PeopleService;
		};
		AEA70D2E2488588D00FAAAF1 /* GoogleAPIClientForREST_Gmail */ = {
			isa = XCSwiftPackageProductDependency;
			package = AEA70D2B2488588D00FAAAF1 /* XCRemoteSwiftPackageReference "google-api-objectivec-client-for-rest" */;
			productName = GoogleAPIClientForREST_Gmail;
		};
		AEA70D3124885A5D00FAAAF1 /* Sodium */ = {
			isa = XCSwiftPackageProductDependency;
			package = AEA70D3024885A5D00FAAAF1 /* XCRemoteSwiftPackageReference "swift-sodium" */;
			productName = Sodium;
		};
		AEDDAFF5248B518800A7DAC8 /* Datable */ = {
			isa = XCSwiftPackageProductDependency;
			package = AEDDAFF4248B518800A7DAC8 /* XCRemoteSwiftPackageReference "Datable" */;
			productName = Datable;
		};
/* End XCSwiftPackageProductDependency section */

/* Begin XCVersionGroup section */
		461891AF1CC17B9A009C577D /* Postcard.xcdatamodeld */ = {
			isa = XCVersionGroup;
			children = (
				461891B01CC17B9A009C577D /* Postcard.xcdatamodel */,
			);
			currentVersion = 461891B01CC17B9A009C577D /* Postcard.xcdatamodel */;
			path = Postcard.xcdatamodeld;
			sourceTree = "<group>";
			versionGroupType = wrapper.xcdatamodel;
		};
/* End XCVersionGroup section */
	};
	rootObject = 461891A01CC17B99009C577D /* Project object */;
}
